# Generated by pub
# See https://dart.dev/tools/pub/glossary#lockfile
packages:
  _discoveryapis_commons:
    dependency: transitive
    description:
      name: _discoveryapis_commons
      sha256: "113c4100b90a5b70a983541782431b82168b3cae166ab130649c36eb3559d498"
      url: "https://pub.dev"
    source: hosted
    version: "1.0.7"
  _flutterfire_internals:
    dependency: transitive
    description:
      name: _flutterfire_internals
      sha256: ff0a84a2734d9e1089f8aedd5c0af0061b82fb94e95260d943404e0ef2134b11
      url: "https://pub.dev"
    source: hosted
    version: "1.3.59"
  ansicolor:
    dependency: transitive
    description:
      name: ansicolor
      sha256: "50e982d500bc863e1d703448afdbf9e5a72eb48840a4f766fa361ffd6877055f"
      url: "https://pub.dev"
    source: hosted
    version: "2.0.3"
  archive:
    dependency: transitive
    description:
      name: archive
      sha256: cb6a278ef2dbb298455e1a713bda08524a175630ec643a242c399c932a0a1f7d
      url: "https://pub.dev"
    source: hosted
    version: "3.6.1"
  args:
    dependency: transitive
    description:
      name: args
      sha256: d0481093c50b1da8910eb0bb301626d4d8eb7284aa739614d2b394ee09e3ea04
      url: "https://pub.dev"
    source: hosted
    version: "2.7.0"
  async:
    dependency: transitive
    description:
      name: async
      sha256: d2872f9c19731c2e5f10444b14686eb7cc85c76274bd6c16e1816bff9a3bab63
      url: "https://pub.dev"
    source: hosted
    version: "2.12.0"
  audio_session:
    dependency: transitive
    description:
      name: audio_session
      sha256: "8f96a7fecbb718cb093070f868b4cdcb8a9b1053dce342ff8ab2fde10eb9afb7"
      url: "https://pub.dev"
    source: hosted
    version: "0.2.2"
  boolean_selector:
    dependency: transitive
    description:
      name: boolean_selector
      sha256: "8aab1771e1243a5063b8b0ff68042d67334e3feab9e95b9490f9a6ebf73b42ea"
      url: "https://pub.dev"
    source: hosted
    version: "2.1.2"
  cached_network_image:
    dependency: "direct main"
    description:
      name: cached_network_image
      sha256: "7c1183e361e5c8b0a0f21a28401eecdbde252441106a9816400dd4c2b2424916"
      url: "https://pub.dev"
    source: hosted
    version: "3.4.1"
  cached_network_image_platform_interface:
    dependency: transitive
    description:
      name: cached_network_image_platform_interface
      sha256: "35814b016e37fbdc91f7ae18c8caf49ba5c88501813f73ce8a07027a395e2829"
      url: "https://pub.dev"
    source: hosted
    version: "4.1.1"
  cached_network_image_web:
    dependency: transitive
    description:
      name: cached_network_image_web
      sha256: "980842f4e8e2535b8dbd3d5ca0b1f0ba66bf61d14cc3a17a9b4788a3685ba062"
      url: "https://pub.dev"
    source: hosted
    version: "1.3.1"
  characters:
    dependency: transitive
    description:
      name: characters
      sha256: f71061c654a3380576a52b451dd5532377954cf9dbd272a78fc8479606670803
      url: "https://pub.dev"
    source: hosted
    version: "1.4.0"
  checked_yaml:
    dependency: transitive
    description:
      name: checked_yaml
      sha256: feb6bed21949061731a7a75fc5d2aa727cf160b91af9a3e464c5e3a32e28b5ff
      url: "https://pub.dev"
    source: hosted
    version: "2.0.3"
  chewie:
    dependency: "direct overridden"
    description:
      name: chewie
      sha256: "8bc4ac4cf3f316e50a25958c0f5eb9bb12cf7e8308bb1d74a43b230da2cfc144"
      url: "https://pub.dev"
    source: hosted
    version: "1.7.5"
  cli_util:
    dependency: transitive
    description:
      name: cli_util
      sha256: ff6785f7e9e3c38ac98b2fb035701789de90154024a75b6cb926445e83197d1c
      url: "https://pub.dev"
    source: hosted
    version: "0.4.2"
  clock:
    dependency: transitive
    description:
      name: clock
      sha256: fddb70d9b5277016c77a80201021d40a2247104d9f4aa7bab7157b7e3f05b84b
      url: "https://pub.dev"
    source: hosted
    version: "1.1.2"
  cloud_firestore:
    dependency: "direct main"
    description:
      name: cloud_firestore
      sha256: "2d33da4465bdb81b6685c41b535895065adcb16261beb398f5f3bbc623979e9c"
      url: "https://pub.dev"
    source: hosted
    version: "5.6.12"
  cloud_firestore_platform_interface:
    dependency: transitive
    description:
      name: cloud_firestore_platform_interface
      sha256: "413c4e01895cf9cb3de36fa5c219479e06cd4722876274ace5dfc9f13ab2e39b"
      url: "https://pub.dev"
    source: hosted
    version: "6.6.12"
  cloud_firestore_web:
    dependency: transitive
    description:
      name: cloud_firestore_web
      sha256: c1e30fc4a0fcedb08723fb4b1f12ee4e56d937cbf9deae1bda43cbb6367bb4cf
      url: "https://pub.dev"
    source: hosted
    version: "4.4.12"
  collection:
    dependency: transitive
    description:
      name: collection
      sha256: "2f5709ae4d3d59dd8f7cd309b4e023046b57d8a6c82130785d2b0e5868084e76"
      url: "https://pub.dev"
    source: hosted
    version: "1.19.1"
  convert:
    dependency: transitive
    description:
      name: convert
      sha256: b30acd5944035672bc15c6b7a8b47d773e41e2f17de064350988c5d02adb1c68
      url: "https://pub.dev"
    source: hosted
    version: "3.1.2"
  cross_file:
    dependency: transitive
    description:
      name: cross_file
      sha256: "942a4791cd385a68ccb3b32c71c427aba508a1bb949b86dff2adbe4049f16239"
      url: "https://pub.dev"
    source: hosted
    version: "0.3.5"
  crypto:
    dependency: transitive
    description:
      name: crypto
      sha256: c8ea0233063ba03258fbcf2ca4d6dadfefe14f02fab57702265467a19f27fadf
      url: "https://pub.dev"
    source: hosted
    version: "3.0.7"
  csslib:
    dependency: transitive
    description:
      name: csslib
      sha256: "09bad715f418841f976c77db72d5398dc1253c21fb9c0c7f0b0b985860b2d58e"
      url: "https://pub.dev"
    source: hosted
    version: "1.0.2"
  cupertino_icons:
    dependency: "direct main"
    description:
      name: cupertino_icons
      sha256: ba631d1c7f7bef6b729a622b7b752645a2d076dba9976925b8f25725a30e1ee6
      url: "https://pub.dev"
    source: hosted
    version: "1.0.8"
  dbus:
    dependency: transitive
    description:
      name: dbus
      sha256: "79e0c23480ff85dc68de79e2cd6334add97e48f7f4865d17686dd6ea81a47e8c"
      url: "https://pub.dev"
    source: hosted
    version: "0.7.11"
  dio:
    dependency: "direct main"
    description:
      name: dio
      sha256: d90ee57923d1828ac14e492ca49440f65477f4bb1263575900be731a3dac66a9
      url: "https://pub.dev"
    source: hosted
    version: "5.9.0"
  dio_web_adapter:
    dependency: transitive
    description:
      name: dio_web_adapter
      sha256: "7586e476d70caecaf1686d21eee7247ea43ef5c345eab9e0cc3583ff13378d78"
      url: "https://pub.dev"
    source: hosted
    version: "2.1.1"
  equatable:
    dependency: transitive
    description:
      name: equatable
      sha256: "567c64b3cb4cf82397aac55f4f0cbd3ca20d77c6c03bedbc4ceaddc08904aef7"
      url: "https://pub.dev"
    source: hosted
    version: "2.0.7"
  fake_async:
    dependency: transitive
    description:
      name: fake_async
      sha256: "6a95e56b2449df2273fd8c45a662d6947ce1ebb7aafe80e550a3f68297f3cacc"
      url: "https://pub.dev"
    source: hosted
    version: "1.3.2"
  ffi:
    dependency: transitive
    description:
      name: ffi
      sha256: "289279317b4b16eb2bb7e271abccd4bf84ec9bdcbe999e278a94b804f5630418"
      url: "https://pub.dev"
    source: hosted
    version: "2.1.4"
  file:
    dependency: transitive
    description:
      name: file
      sha256: a3b4f84adafef897088c160faf7dfffb7696046cb13ae90b508c2cbc95d3b8d4
      url: "https://pub.dev"
    source: hosted
    version: "7.0.1"
  file_picker:
    dependency: "direct main"
    description:
      name: file_picker
      sha256: f8f4ea435f791ab1f817b4e338ed958cb3d04ba43d6736ffc39958d950754967
      url: "https://pub.dev"
    source: hosted
    version: "10.3.6"
  firebase_auth:
    dependency: "direct main"
    description:
      name: firebase_auth
      sha256: "0fed2133bee1369ee1118c1fef27b2ce0d84c54b7819a2b17dada5cfec3b03ff"
      url: "https://pub.dev"
    source: hosted
    version: "5.7.0"
  firebase_auth_platform_interface:
    dependency: transitive
    description:
      name: firebase_auth_platform_interface
      sha256: "871c9df4ec9a754d1a793f7eb42fa3b94249d464cfb19152ba93e14a5966b386"
      url: "https://pub.dev"
    source: hosted
    version: "7.7.3"
  firebase_auth_web:
    dependency: transitive
    description:
      name: firebase_auth_web
      sha256: d9ada769c43261fd1b18decf113186e915c921a811bd5014f5ea08f4cf4bc57e
      url: "https://pub.dev"
    source: hosted
    version: "5.15.3"
  firebase_core:
    dependency: "direct main"
    description:
      name: firebase_core
      sha256: "7be63a3f841fc9663342f7f3a011a42aef6a61066943c90b1c434d79d5c995c5"
      url: "https://pub.dev"
    source: hosted
    version: "3.15.2"
  firebase_core_platform_interface:
    dependency: transitive
    description:
      name: firebase_core_platform_interface
      sha256: cccb4f572325dc14904c02fcc7db6323ad62ba02536833dddb5c02cac7341c64
      url: "https://pub.dev"
    source: hosted
    version: "6.0.2"
  firebase_core_web:
    dependency: transitive
    description:
      name: firebase_core_web
      sha256: "0ed0dc292e8f9ac50992e2394e9d336a0275b6ae400d64163fdf0a8a8b556c37"
      url: "https://pub.dev"
    source: hosted
    version: "2.24.1"
  firebase_storage:
    dependency: "direct main"
    description:
      name: firebase_storage
      sha256: "958fc88a7ef0b103e694d30beed515c8f9472dde7e8459b029d0e32b8ff03463"
      url: "https://pub.dev"
    source: hosted
    version: "12.4.10"
  firebase_storage_platform_interface:
    dependency: transitive
    description:
      name: firebase_storage_platform_interface
      sha256: d2661c05293c2a940c8ea4bc0444e1b5566c79dd3202c2271140c082c8cd8dd4
      url: "https://pub.dev"
    source: hosted
    version: "5.2.10"
  firebase_storage_web:
    dependency: transitive
    description:
      name: firebase_storage_web
      sha256: "629a557c5e1ddb97a3666cbf225e97daa0a66335dbbfdfdce113ef9f881e833f"
      url: "https://pub.dev"
    source: hosted
    version: "3.10.17"
  fixnum:
    dependency: transitive
    description:
      name: fixnum
      sha256: b6dc7065e46c974bc7c5f143080a6764ec7a4be6da1285ececdc37be96de53be
      url: "https://pub.dev"
    source: hosted
    version: "1.1.1"
  flutter:
    dependency: "direct main"
    description: flutter
    source: sdk
    version: "0.0.0"
  flutter_cache_manager:
    dependency: transitive
    description:
      name: flutter_cache_manager
      sha256: "400b6592f16a4409a7f2bb929a9a7e38c72cceb8ffb99ee57bbf2cb2cecf8386"
      url: "https://pub.dev"
    source: hosted
    version: "3.4.1"
  flutter_dotenv:
    dependency: "direct main"
    description:
      name: flutter_dotenv
      sha256: d4130c4a43e0b13fefc593bc3961f2cb46e30cb79e253d4a526b1b5d24ae1ce4
      url: "https://pub.dev"
    source: hosted
    version: "6.0.0"
  flutter_file_dialog:
    dependency: "direct main"
    description:
      name: flutter_file_dialog
      sha256: "9344b8f07be6a1b6f9854b723fb0cf84a8094ba94761af1d213589d3cb087488"
      url: "https://pub.dev"
    source: hosted
    version: "3.0.2"
  flutter_launcher_icons:
    dependency: "direct dev"
    description:
      name: flutter_launcher_icons
      sha256: "10f13781741a2e3972126fae08393d3c4e01fa4cd7473326b94b72cf594195e7"
      url: "https://pub.dev"
    source: hosted
    version: "0.14.4"
  flutter_lints:
    dependency: "direct dev"
    description:
      name: flutter_lints
      sha256: "5398f14efa795ffb7a33e9b6a08798b26a180edac4ad7db3f231e40f82ce11e1"
      url: "https://pub.dev"
    source: hosted
    version: "5.0.0"
  flutter_native_splash:
    dependency: "direct dev"
    description:
      name: flutter_native_splash
      sha256: "7062602e0dbd29141fb8eb19220b5871ca650be5197ab9c1f193a28b17537bc7"
      url: "https://pub.dev"
    source: hosted
    version: "2.4.4"
  flutter_pdfview:
    dependency: "direct main"
    description:
      name: flutter_pdfview
      sha256: c0b2cc4ebf461a5a4bb9312a165222475a7d93845c7a0703f4abb7f442eb6d54
      url: "https://pub.dev"
    source: hosted
    version: "1.4.3"
  flutter_plugin_android_lifecycle:
    dependency: transitive
    description:
      name: flutter_plugin_android_lifecycle
      sha256: c2fe1001710127dfa7da89977a08d591398370d099aacdaa6d44da7eb14b8476
      url: "https://pub.dev"
    source: hosted
    version: "2.0.31"
  flutter_sound:
    dependency: "direct main"
    description:
      name: flutter_sound
      sha256: ef89477f6e8ce2fa395158ebc4a8b11982e3ada440b4021c06fd97a4e771554b
      url: "https://pub.dev"
    source: hosted
    version: "9.28.0"
  flutter_sound_platform_interface:
    dependency: transitive
    description:
      name: flutter_sound_platform_interface
      sha256: "3394d7e664a09796818014ff85a81db0dec397f4c286cbe52f8783886fa5a497"
      url: "https://pub.dev"
    source: hosted
    version: "9.28.0"
  flutter_sound_web:
    dependency: transitive
    description:
      name: flutter_sound_web
      sha256: "4e10c94a8574bd93bb8668af59bf76f5312a890bccd3778d73168a7133217dc5"
      url: "https://pub.dev"
    source: hosted
    version: "9.28.0"
  flutter_svg:
    dependency: transitive
    description:
      name: flutter_svg
      sha256: "055de8921be7b8e8b98a233c7a5ef84b3a6fcc32f46f1ebf5b9bb3576d108355"
      url: "https://pub.dev"
    source: hosted
    version: "2.2.2"
  flutter_test:
    dependency: "direct dev"
    description: flutter
    source: sdk
    version: "0.0.0"
  flutter_tts:
    dependency: "direct main"
    description:
      name: flutter_tts
      sha256: bdf2fc4483e74450dc9fc6fe6a9b6a5663e108d4d0dad3324a22c8e26bf48af4
      url: "https://pub.dev"
    source: hosted
    version: "4.2.3"
  flutter_web_plugins:
    dependency: transitive
    description: flutter
    source: sdk
    version: "0.0.0"
  flutter_widget_from_html:
    dependency: "direct main"
    description:
      name: flutter_widget_from_html
      sha256: "483a45db08211c4639b2634c09755d2a0a5c48675a743937f8400a8ff2fc7cbf"
      url: "https://pub.dev"
    source: hosted
    version: "0.16.1"
  flutter_widget_from_html_core:
    dependency: transitive
    description:
      name: flutter_widget_from_html_core
      sha256: "50990ec287434a280ed15d602aa3bf6e8db9c54159762d906057a04e9493b91a"
      url: "https://pub.dev"
    source: hosted
    version: "0.16.1"
  fwfh_cached_network_image:
    dependency: transitive
    description:
      name: fwfh_cached_network_image
      sha256: "484cb5f8047f02cfac0654fca5832bfa91bb715fd7fc651c04eb7454187c4af8"
      url: "https://pub.dev"
    source: hosted
    version: "0.16.1"
  fwfh_chewie:
    dependency: transitive
    description:
      name: fwfh_chewie
      sha256: ae74fc26798b0e74f3983f7b851e74c63b9eeb2d3015ecd4b829096b2c3f8818
      url: "https://pub.dev"
    source: hosted
    version: "0.16.1"
  fwfh_just_audio:
    dependency: transitive
    description:
      name: fwfh_just_audio
      sha256: dfd622a0dfe049ac647423a2a8afa7f057d9b2b93d92710b624e3d370b1ac69a
      url: "https://pub.dev"
    source: hosted
    version: "0.17.0"
  fwfh_svg:
    dependency: transitive
    description:
      name: fwfh_svg
      sha256: "2e6bb241179eeeb1a7941e05c8c923b05d332d36a9085233e7bf110ea7deb915"
      url: "https://pub.dev"
    source: hosted
    version: "0.16.1"
  fwfh_url_launcher:
    dependency: transitive
    description:
      name: fwfh_url_launcher
      sha256: c38aa8fb373fda3a89b951fa260b539f623f6edb45eee7874cb8b492471af881
      url: "https://pub.dev"
    source: hosted
    version: "0.16.1"
  fwfh_webview:
    dependency: transitive
    description:
      name: fwfh_webview
      sha256: f71b0aa16e15d82f3c017f33560201ff5ae04e91e970cab5d12d3bcf970b870c
      url: "https://pub.dev"
    source: hosted
    version: "0.15.6"
  google_fonts:
    dependency: "direct main"
    description:
      name: google_fonts
      sha256: "517b20870220c48752eafa0ba1a797a092fb22df0d89535fd9991e86ee2cdd9c"
      url: "https://pub.dev"
    source: hosted
    version: "6.3.2"
  google_identity_services_web:
    dependency: transitive
    description:
      name: google_identity_services_web
      sha256: "5d187c46dc59e02646e10fe82665fc3884a9b71bc1c90c2b8b749316d33ee454"
      url: "https://pub.dev"
    source: hosted
    version: "0.3.3+1"
  google_speech:
    dependency: "direct main"
    description:
      name: google_speech
      sha256: "8951d58806df1a2836cebbb48cdddb91d0118a7a8b2fa4a95412ad4fbc2c1aff"
      url: "https://pub.dev"
    source: hosted
    version: "4.4.0"
  googleapis:
    dependency: "direct main"
    description:
      name: googleapis
      sha256: "692fb9e90c321b61a7a2123de0353ec8a20691cd979db2553d8d732f710f6535"
      url: "https://pub.dev"
    source: hosted
    version: "15.0.0"
  googleapis_auth:
    dependency: "direct main"
    description:
      name: googleapis_auth
      sha256: befd71383a955535060acde8792e7efc11d2fccd03dd1d3ec434e85b68775938
      url: "https://pub.dev"
    source: hosted
    version: "1.6.0"
  grpc:
    dependency: transitive
    description:
      name: grpc
      sha256: e93ee3bce45c134bf44e9728119102358c7cd69de7832d9a874e2e74eb8cab40
      url: "https://pub.dev"
    source: hosted
    version: "3.2.4"
  html:
    dependency: "direct main"
    description:
      name: html
      sha256: "6d1264f2dffa1b1101c25a91dff0dc2daee4c18e87cd8538729773c073dbf602"
      url: "https://pub.dev"
    source: hosted
    version: "0.15.6"
  http:
    dependency: "direct main"
    description:
      name: http
      sha256: "87721a4a50b19c7f1d49001e51409bddc46303966ce89a65af4f4e6004896412"
      url: "https://pub.dev"
    source: hosted
    version: "1.6.0"
  http2:
    dependency: transitive
    description:
      name: http2
      sha256: "382d3aefc5bd6dc68c6b892d7664f29b5beb3251611ae946a98d35158a82bbfa"
      url: "https://pub.dev"
    source: hosted
    version: "2.3.1"
  http_parser:
    dependency: transitive
    description:
      name: http_parser
      sha256: "178d74305e7866013777bab2c3d8726205dc5a4dd935297175b19a23a2e66571"
      url: "https://pub.dev"
    source: hosted
    version: "4.1.2"
  image:
    dependency: transitive
    description:
      name: image
      sha256: f31d52537dc417fdcde36088fdf11d191026fd5e4fae742491ebd40e5a8bea7d
      url: "https://pub.dev"
    source: hosted
    version: "4.3.0"
  in_app_review:
    dependency: "direct main"
    description:
      name: in_app_review
      sha256: ab26ac54dbd802896af78c670b265eaeab7ecddd6af4d0751e9604b60574817f
      url: "https://pub.dev"
    source: hosted
    version: "2.0.11"
  in_app_review_platform_interface:
    dependency: transitive
    description:
      name: in_app_review_platform_interface
      sha256: fed2c755f2125caa9ae10495a3c163aa7fab5af3585a9c62ef4a6920c5b45f10
      url: "https://pub.dev"
    source: hosted
    version: "2.0.5"
  intl:
    dependency: transitive
    description:
      name: intl
      sha256: "3df61194eb431efc39c4ceba583b95633a403f46c9fd341e550ce0bfa50e9aa5"
      url: "https://pub.dev"
    source: hosted
    version: "0.20.2"
  json_annotation:
    dependency: transitive
    description:
      name: json_annotation
      sha256: "1ce844379ca14835a50d2f019a3099f419082cfdd231cd86a142af94dd5c6bb1"
      url: "https://pub.dev"
    source: hosted
    version: "4.9.0"
  just_audio:
    dependency: "direct main"
    description:
      name: just_audio
      sha256: "9694e4734f515f2a052493d1d7e0d6de219ee0427c7c29492e246ff32a219908"
      url: "https://pub.dev"
    source: hosted
    version: "0.10.5"
  just_audio_platform_interface:
    dependency: transitive
    description:
      name: just_audio_platform_interface
      sha256: "2532c8d6702528824445921c5ff10548b518b13f808c2e34c2fd54793b999a6a"
      url: "https://pub.dev"
    source: hosted
    version: "4.6.0"
  just_audio_web:
    dependency: transitive
    description:
      name: just_audio_web
      sha256: "6ba8a2a7e87d57d32f0f7b42856ade3d6a9fbe0f1a11fabae0a4f00bb73f0663"
      url: "https://pub.dev"
    source: hosted
    version: "0.4.16"
  leak_tracker:
    dependency: transitive
    description:
      name: leak_tracker
      sha256: c35baad643ba394b40aac41080300150a4f08fd0fd6a10378f8f7c6bc161acec
      url: "https://pub.dev"
    source: hosted
    version: "10.0.8"
  leak_tracker_flutter_testing:
    dependency: transitive
    description:
      name: leak_tracker_flutter_testing
      sha256: f8b613e7e6a13ec79cfdc0e97638fddb3ab848452eff057653abd3edba760573
      url: "https://pub.dev"
    source: hosted
    version: "3.0.9"
  leak_tracker_testing:
    dependency: transitive
    description:
      name: leak_tracker_testing
      sha256: "6ba465d5d76e67ddf503e1161d1f4a6bc42306f9d66ca1e8f079a47290fb06d3"
      url: "https://pub.dev"
    source: hosted
    version: "3.0.1"
  lints:
    dependency: transitive
    description:
      name: lints
      sha256: c35bb79562d980e9a453fc715854e1ed39e24e7d0297a880ef54e17f9874a9d7
      url: "https://pub.dev"
    source: hosted
    version: "5.1.1"
  logger:
    dependency: transitive
    description:
      name: logger
      sha256: a7967e31b703831a893bbc3c3dd11db08126fe5f369b5c648a36f821979f5be3
      url: "https://pub.dev"
    source: hosted
    version: "2.6.2"
  logging:
    dependency: transitive
    description:
      name: logging
      sha256: c8245ada5f1717ed44271ed1c26b8ce85ca3228fd2ffdb75468ab01979309d61
      url: "https://pub.dev"
    source: hosted
    version: "1.3.0"
  matcher:
    dependency: transitive
    description:
      name: matcher
      sha256: dc58c723c3c24bf8d3e2d3ad3f2f9d7bd9cf43ec6feaa64181775e60190153f2
      url: "https://pub.dev"
    source: hosted
    version: "0.12.17"
  material_color_utilities:
    dependency: transitive
    description:
      name: material_color_utilities
      sha256: f7142bb1154231d7ea5f96bc7bde4bda2a0945d2806bb11670e30b850d56bdec
      url: "https://pub.dev"
    source: hosted
    version: "0.11.1"
  meta:
    dependency: transitive
    description:
      name: meta
      sha256: e3641ec5d63ebf0d9b41bd43201a66e3fc79a65db5f61fc181f04cd27aab950c
      url: "https://pub.dev"
    source: hosted
    version: "1.16.0"
  mime:
    dependency: transitive
    description:
      name: mime
      sha256: "41a20518f0cb1256669420fdba0cd90d21561e560ac240f26ef8322e45bb7ed6"
      url: "https://pub.dev"
    source: hosted
    version: "2.0.0"
  nested:
    dependency: transitive
    description:
      name: nested
      sha256: "03bac4c528c64c95c722ec99280375a6f2fc708eec17c7b3f07253b626cd2a20"
      url: "https://pub.dev"
    source: hosted
    version: "1.0.0"
  octo_image:
    dependency: transitive
    description:
      name: octo_image
      sha256: "34faa6639a78c7e3cbe79be6f9f96535867e879748ade7d17c9b1ae7536293bd"
      url: "https://pub.dev"
    source: hosted
    version: "2.1.0"
  os_detect:
    dependency: transitive
    description:
      name: os_detect
      sha256: "7d87c0dd98c6faf110d5aa498e9a6df02ffce4bb78cc9cfc8ad02929be9bb71f"
      url: "https://pub.dev"
    source: hosted
    version: "2.0.3"
  package_info_plus:
    dependency: "direct main"
    description:
      name: package_info_plus
      sha256: f69da0d3189a4b4ceaeb1a3defb0f329b3b352517f52bed4290f83d4f06bc08d
      url: "https://pub.dev"
    source: hosted
    version: "9.0.0"
  package_info_plus_platform_interface:
    dependency: transitive
    description:
      name: package_info_plus_platform_interface
      sha256: "202a487f08836a592a6bd4f901ac69b3a8f146af552bbd14407b6b41e1c3f086"
      url: "https://pub.dev"
    source: hosted
    version: "3.2.1"
  page_transition:
    dependency: "direct main"
    description:
      name: page_transition
      sha256: "9d2a780d7d68b53ae82fbcc43e06a16195e6775e9aae40e55dc0cbb593460f9d"
      url: "https://pub.dev"
    source: hosted
    version: "2.2.1"
  path:
    dependency: transitive
    description:
      name: path
      sha256: "75cca69d1490965be98c73ceaea117e8a04dd21217b37b292c9ddbec0d955bc5"
      url: "https://pub.dev"
    source: hosted
    version: "1.9.1"
  path_parsing:
    dependency: transitive
    description:
      name: path_parsing
      sha256: "883402936929eac138ee0a45da5b0f2c80f89913e6dc3bf77eb65b84b409c6ca"
      url: "https://pub.dev"
    source: hosted
    version: "1.1.0"
  path_provider:
    dependency: "direct main"
    description:
      name: path_provider
      sha256: "50c5dd5b6e1aaf6fb3a78b33f6aa3afca52bf903a8a5298f53101fdaee55bbcd"
      url: "https://pub.dev"
    source: hosted
    version: "2.1.5"
  path_provider_android:
    dependency: transitive
    description:
      name: path_provider_android
      sha256: "3b4c1fc3aa55ddc9cd4aa6759984330d5c8e66aa7702a6223c61540dc6380c37"
      url: "https://pub.dev"
    source: hosted
    version: "2.2.19"
  path_provider_foundation:
    dependency: transitive
    description:
      name: path_provider_foundation
      sha256: "16eef174aacb07e09c351502740fa6254c165757638eba1e9116b0a781201bbd"
      url: "https://pub.dev"
    source: hosted
    version: "2.4.2"
  path_provider_linux:
    dependency: transitive
    description:
      name: path_provider_linux
      sha256: f7a1fe3a634fe7734c8d3f2766ad746ae2a2884abe22e241a8b301bf5cac3279
      url: "https://pub.dev"
    source: hosted
    version: "2.2.1"
  path_provider_platform_interface:
    dependency: transitive
    description:
      name: path_provider_platform_interface
      sha256: "88f5779f72ba699763fa3a3b06aa4bf6de76c8e5de842cf6f29e2e06476c2334"
      url: "https://pub.dev"
    source: hosted
    version: "2.1.2"
  path_provider_windows:
    dependency: transitive
    description:
      name: path_provider_windows
      sha256: bd6f00dbd873bfb70d0761682da2b3a2c2fccc2b9e84c495821639601d81afe7
      url: "https://pub.dev"
    source: hosted
    version: "2.3.0"
  permission_handler:
    dependency: "direct main"
    description:
      name: permission_handler
      sha256: bc917da36261b00137bbc8896bf1482169cd76f866282368948f032c8c1caae1
      url: "https://pub.dev"
    source: hosted
    version: "12.0.1"
  permission_handler_android:
    dependency: transitive
    description:
      name: permission_handler_android
      sha256: "1e3bc410ca1bf84662104b100eb126e066cb55791b7451307f9708d4007350e6"
      url: "https://pub.dev"
    source: hosted
    version: "13.0.1"
  permission_handler_apple:
    dependency: transitive
    description:
      name: permission_handler_apple
      sha256: f000131e755c54cf4d84a5d8bd6e4149e262cc31c5a8b1d698de1ac85fa41023
      url: "https://pub.dev"
    source: hosted
    version: "9.4.7"
  permission_handler_html:
    dependency: transitive
    description:
      name: permission_handler_html
      sha256: "38f000e83355abb3392140f6bc3030660cfaef189e1f87824facb76300b4ff24"
      url: "https://pub.dev"
    source: hosted
    version: "0.1.3+5"
  permission_handler_platform_interface:
    dependency: transitive
    description:
      name: permission_handler_platform_interface
      sha256: eb99b295153abce5d683cac8c02e22faab63e50679b937fa1bf67d58bb282878
      url: "https://pub.dev"
    source: hosted
    version: "4.3.0"
  permission_handler_windows:
    dependency: transitive
    description:
      name: permission_handler_windows
      sha256: "1a790728016f79a41216d88672dbc5df30e686e811ad4e698bfc51f76ad91f1e"
      url: "https://pub.dev"
    source: hosted
    version: "0.2.1"
  petitparser:
    dependency: transitive
    description:
      name: petitparser
      sha256: "07c8f0b1913bcde1ff0d26e57ace2f3012ccbf2b204e070290dad3bb22797646"
      url: "https://pub.dev"
    source: hosted
    version: "6.1.0"
  platform:
    dependency: transitive
    description:
      name: platform
      sha256: "5d6b1b0036a5f331ebc77c850ebc8506cbc1e9416c27e59b439f917a902a4984"
      url: "https://pub.dev"
    source: hosted
    version: "3.1.6"
  plugin_platform_interface:
    dependency: transitive
    description:
      name: plugin_platform_interface
      sha256: "4820fbfdb9478b1ebae27888254d445073732dae3d6ea81f0b7e06d5dedc3f02"
      url: "https://pub.dev"
    source: hosted
    version: "2.1.8"
  protobuf:
    dependency: transitive
    description:
      name: protobuf
      sha256: "68645b24e0716782e58948f8467fd42a880f255096a821f9e7d0ec625b00c84d"
      url: "https://pub.dev"
    source: hosted
    version: "3.1.0"
  provider:
    dependency: "direct main"
    description:
      name: provider
      sha256: "4e82183fa20e5ca25703ead7e05de9e4cceed1fbd1eadc1ac3cb6f565a09f272"
      url: "https://pub.dev"
    source: hosted
    version: "6.1.5+1"
  purchases_flutter:
    dependency: "direct main"
    description:
      name: purchases_flutter
      sha256: "6a13796cd8e89d8b0ba48c66c9d10e8cffb68a9b75bb8ffe1e46625ae17314cc"
      url: "https://pub.dev"
    source: hosted
    version: "9.9.7"
  rxdart:
    dependency: transitive
    description:
      name: rxdart
      sha256: "5c3004a4a8dbb94bd4bf5412a4def4acdaa12e12f269737a5751369e12d1a962"
      url: "https://pub.dev"
    source: hosted
    version: "0.28.0"
  share_plus:
    dependency: "direct main"
    description:
      name: share_plus
      sha256: "14c8860d4de93d3a7e53af51bff479598c4e999605290756bbbe45cf65b37840"
      url: "https://pub.dev"
    source: hosted
    version: "12.0.1"
  share_plus_platform_interface:
    dependency: transitive
    description:
      name: share_plus_platform_interface
      sha256: "88023e53a13429bd65d8e85e11a9b484f49d4c190abbd96c7932b74d6927cc9a"
      url: "https://pub.dev"
    source: hosted
    version: "6.1.0"
  shared_preferences:
    dependency: "direct main"
    description:
      name: shared_preferences
      sha256: "6e8bf70b7fef813df4e9a36f658ac46d107db4b4cfe1048b477d4e453a8159f5"
      url: "https://pub.dev"
    source: hosted
    version: "2.5.3"
  shared_preferences_android:
    dependency: transitive
    description:
      name: shared_preferences_android
      sha256: bd14436108211b0d4ee5038689a56d4ae3620fd72fd6036e113bf1345bc74d9e
      url: "https://pub.dev"
    source: hosted
    version: "2.4.13"
  shared_preferences_foundation:
    dependency: transitive
    description:
      name: shared_preferences_foundation
      sha256: "6a52cfcdaeac77cad8c97b539ff688ccfc458c007b4db12be584fbe5c0e49e03"
      url: "https://pub.dev"
    source: hosted
    version: "2.5.4"
  shared_preferences_linux:
    dependency: transitive
    description:
      name: shared_preferences_linux
      sha256: "580abfd40f415611503cae30adf626e6656dfb2f0cee8f465ece7b6defb40f2f"
      url: "https://pub.dev"
    source: hosted
    version: "2.4.1"
  shared_preferences_platform_interface:
    dependency: transitive
    description:
      name: shared_preferences_platform_interface
      sha256: "57cbf196c486bc2cf1f02b85784932c6094376284b3ad5779d1b1c6c6a816b80"
      url: "https://pub.dev"
    source: hosted
    version: "2.4.1"
  shared_preferences_web:
    dependency: transitive
    description:
      name: shared_preferences_web
      sha256: c49bd060261c9a3f0ff445892695d6212ff603ef3115edbb448509d407600019
      url: "https://pub.dev"
    source: hosted
    version: "2.4.3"
  shared_preferences_windows:
    dependency: transitive
    description:
      name: shared_preferences_windows
      sha256: "94ef0f72b2d71bc3e700e025db3710911bd51a71cefb65cc609dd0d9a982e3c1"
      url: "https://pub.dev"
    source: hosted
    version: "2.4.1"
  simple_ripple_animation:
    dependency: "direct main"
    description:
      name: simple_ripple_animation
      sha256: "09a80a6d352ce12d33c2ca43423bf5b544179cc5bc78bf3ff73bd5c08ea378bd"
      url: "https://pub.dev"
    source: hosted
    version: "0.1.0"
  sky_engine:
    dependency: transitive
    description: flutter
    source: sdk
    version: "0.0.0"
  source_span:
    dependency: transitive
    description:
      name: source_span
      sha256: "254ee5351d6cb365c859e20ee823c3bb479bf4a293c22d17a9f1bf144ce86f7c"
      url: "https://pub.dev"
    source: hosted
    version: "1.10.1"
  sqflite:
    dependency: transitive
    description:
      name: sqflite
      sha256: e2297b1da52f127bc7a3da11439985d9b536f75070f3325e62ada69a5c585d03
      url: "https://pub.dev"
    source: hosted
    version: "2.4.2"
  sqflite_android:
    dependency: transitive
    description:
      name: sqflite_android
      sha256: "2b3070c5fa881839f8b402ee4a39c1b4d561704d4ebbbcfb808a119bc2a1701b"
      url: "https://pub.dev"
    source: hosted
    version: "2.4.1"
  sqflite_common:
    dependency: transitive
    description:
      name: sqflite_common
      sha256: "84731e8bfd8303a3389903e01fb2141b6e59b5973cacbb0929021df08dddbe8b"
      url: "https://pub.dev"
    source: hosted
    version: "2.5.5"
  sqflite_darwin:
    dependency: transitive
    description:
      name: sqflite_darwin
      sha256: "279832e5cde3fe99e8571879498c9211f3ca6391b0d818df4e17d9fff5c6ccb3"
      url: "https://pub.dev"
    source: hosted
    version: "2.4.2"
  sqflite_platform_interface:
    dependency: transitive
    description:
      name: sqflite_platform_interface
      sha256: "8dd4515c7bdcae0a785b0062859336de775e8c65db81ae33dd5445f35be61920"
      url: "https://pub.dev"
    source: hosted
    version: "2.4.0"
  stack_trace:
    dependency: transitive
    description:
      name: stack_trace
      sha256: "8b27215b45d22309b5cddda1aa2b19bdfec9df0e765f2de506401c071d38d1b1"
      url: "https://pub.dev"
    source: hosted
    version: "1.12.1"
  stream_channel:
    dependency: transitive
    description:
      name: stream_channel
      sha256: "969e04c80b8bcdf826f8f16579c7b14d780458bd97f56d107d3950fdbeef059d"
      url: "https://pub.dev"
    source: hosted
    version: "2.1.4"
  string_scanner:
    dependency: transitive
    description:
      name: string_scanner
      sha256: "921cd31725b72fe181906c6a94d987c78e3b98c2e205b397ea399d4054872b43"
      url: "https://pub.dev"
    source: hosted
    version: "1.4.1"
  syncfusion_flutter_core:
    dependency: transitive
    description:
      name: syncfusion_flutter_core
      sha256: "2d878bce96c4fd1092205a4f72b328f7f05d86b27c3bd55db7fd440e6017352a"
      url: "https://pub.dev"
    source: hosted
    version: "31.1.19"
  syncfusion_flutter_pdf:
    dependency: "direct main"
    description:
      name: syncfusion_flutter_pdf
      sha256: "95b5e01cc2305f03490b009a28c2e8753feecdb4202c87fcba27a74fbc93222c"
      url: "https://pub.dev"
    source: hosted
    version: "31.1.19"
  synchronized:
    dependency: transitive
    description:
      name: synchronized
      sha256: "0669c70faae6270521ee4f05bffd2919892d42d1276e6c495be80174b6bc0ef6"
      url: "https://pub.dev"
    source: hosted
    version: "3.3.1"
  term_glyph:
    dependency: transitive
    description:
      name: term_glyph
      sha256: "7f554798625ea768a7518313e58f83891c7f5024f88e46e7182a4558850a4b8e"
      url: "https://pub.dev"
    source: hosted
    version: "1.2.2"
  test_api:
    dependency: transitive
    description:
      name: test_api
      sha256: fb31f383e2ee25fbbfe06b40fe21e1e458d14080e3c67e7ba0acfde4df4e0bbd
      url: "https://pub.dev"
    source: hosted
    version: "0.7.4"
  typed_data:
    dependency: transitive
    description:
      name: typed_data
      sha256: f9049c039ebfeb4cf7a7104a675823cd72dba8297f264b6637062516699fa006
      url: "https://pub.dev"
    source: hosted
    version: "1.4.0"
  universal_io:
    dependency: transitive
    description:
      name: universal_io
      sha256: f63cbc48103236abf48e345e07a03ce5757ea86285ed313a6a032596ed9301e2
      url: "https://pub.dev"
    source: hosted
    version: "2.3.1"
  upgrader:
    dependency: "direct main"
    description:
      name: upgrader
      sha256: "4ba3f840691ffa43c6d71a93a6ad3ae01590c7895c3eb33f9f683513f736a9f7"
      url: "https://pub.dev"
    source: hosted
    version: "12.3.0"
  url_launcher:
    dependency: "direct main"
    description:
      name: url_launcher
      sha256: f6a7e5c4835bb4e3026a04793a4199ca2d14c739ec378fdfe23fc8075d0439f8
      url: "https://pub.dev"
    source: hosted
    version: "6.3.2"
  url_launcher_android:
    dependency: transitive
    description:
      name: url_launcher_android
      sha256: "81777b08c498a292d93ff2feead633174c386291e35612f8da438d6e92c4447e"
      url: "https://pub.dev"
    source: hosted
    version: "6.3.20"
  url_launcher_ios:
    dependency: transitive
    description:
      name: url_launcher_ios
      sha256: d80b3f567a617cb923546034cc94bfe44eb15f989fe670b37f26abdb9d939cb7
      url: "https://pub.dev"
    source: hosted
    version: "6.3.4"
  url_launcher_linux:
    dependency: transitive
    description:
      name: url_launcher_linux
      sha256: "4e9ba368772369e3e08f231d2301b4ef72b9ff87c31192ef471b380ef29a4935"
      url: "https://pub.dev"
    source: hosted
    version: "3.2.1"
  url_launcher_macos:
    dependency: transitive
    description:
      name: url_launcher_macos
      sha256: c043a77d6600ac9c38300567f33ef12b0ef4f4783a2c1f00231d2b1941fea13f
      url: "https://pub.dev"
    source: hosted
    version: "3.2.3"
  url_launcher_platform_interface:
    dependency: transitive
    description:
      name: url_launcher_platform_interface
      sha256: "552f8a1e663569be95a8190206a38187b531910283c3e982193e4f2733f01029"
      url: "https://pub.dev"
    source: hosted
    version: "2.3.2"
  url_launcher_web:
    dependency: transitive
    description:
      name: url_launcher_web
      sha256: "4bd2b7b4dc4d4d0b94e5babfffbca8eac1a126c7f3d6ecbc1a11013faa3abba2"
      url: "https://pub.dev"
    source: hosted
    version: "2.4.1"
  url_launcher_windows:
    dependency: transitive
    description:
      name: url_launcher_windows
      sha256: "3284b6d2ac454cf34f114e1d3319866fdd1e19cdc329999057e44ffe936cfa77"
      url: "https://pub.dev"
    source: hosted
    version: "3.1.4"
  uuid:
    dependency: transitive
    description:
      name: uuid
      sha256: a11b666489b1954e01d992f3d601b1804a33937b5a8fe677bd26b8a9f96f96e8
      url: "https://pub.dev"
    source: hosted
    version: "4.5.2"
  vector_graphics:
    dependency: transitive
    description:
      name: vector_graphics
      sha256: a4f059dc26fc8295b5921376600a194c4ec7d55e72f2fe4c7d2831e103d461e6
      url: "https://pub.dev"
    source: hosted
    version: "1.1.19"
  vector_graphics_codec:
    dependency: transitive
    description:
      name: vector_graphics_codec
      sha256: "99fd9fbd34d9f9a32efd7b6a6aae14125d8237b10403b422a6a6dfeac2806146"
      url: "https://pub.dev"
    source: hosted
    version: "1.1.13"
  vector_graphics_compiler:
    dependency: transitive
    description:
      name: vector_graphics_compiler
      sha256: d354a7ec6931e6047785f4db12a1f61ec3d43b207fc0790f863818543f8ff0dc
      url: "https://pub.dev"
    source: hosted
    version: "1.1.19"
  vector_math:
    dependency: transitive
    description:
      name: vector_math
      sha256: "80b3257d1492ce4d091729e3a67a60407d227c27241d6927be0130c98e741803"
      url: "https://pub.dev"
    source: hosted
    version: "2.1.4"
  version:
    dependency: transitive
    description:
      name: version
      sha256: "3d4140128e6ea10d83da32fef2fa4003fccbf6852217bb854845802f04191f94"
      url: "https://pub.dev"
    source: hosted
    version: "3.0.2"
  video_player:
    dependency: transitive
    description:
      name: video_player
      sha256: "096bc28ce10d131be80dfb00c223024eb0fba301315a406728ab43dd99c45bdf"
      url: "https://pub.dev"
    source: hosted
    version: "2.10.1"
  video_player_android:
    dependency: transitive
    description:
      name: video_player_android
      sha256: a8dc4324f67705de057678372bedb66cd08572fe7c495605ac68c5f503324a39
      url: "https://pub.dev"
    source: hosted
    version: "2.8.15"
  video_player_avfoundation:
    dependency: transitive
    description:
      name: video_player_avfoundation
      sha256: f9a780aac57802b2892f93787e5ea53b5f43cc57dc107bee9436458365be71cd
      url: "https://pub.dev"
    source: hosted
    version: "2.8.4"
  video_player_platform_interface:
    dependency: transitive
    description:
      name: video_player_platform_interface
      sha256: "57c5d73173f76d801129d0531c2774052c5a7c11ccb962f1830630decd9f24ec"
      url: "https://pub.dev"
    source: hosted
    version: "6.6.0"
  video_player_web:
    dependency: transitive
    description:
      name: video_player_web
      sha256: "9f3c00be2ef9b76a95d94ac5119fb843dca6f2c69e6c9968f6f2b6c9e7afbdeb"
      url: "https://pub.dev"
    source: hosted
    version: "2.4.0"
  vm_service:
    dependency: transitive
    description:
      name: vm_service
      sha256: "0968250880a6c5fe7edc067ed0a13d4bae1577fe2771dcf3010d52c4a9d3ca14"
      url: "https://pub.dev"
    source: hosted
    version: "14.3.1"
  wakelock_plus:
    dependency: transitive
    description:
      name: wakelock_plus
      sha256: "9296d40c9adbedaba95d1e704f4e0b434be446e2792948d0e4aa977048104228"
      url: "https://pub.dev"
    source: hosted
    version: "1.4.0"
  wakelock_plus_platform_interface:
    dependency: transitive
    description:
      name: wakelock_plus_platform_interface
      sha256: "036deb14cd62f558ca3b73006d52ce049fabcdcb2eddfe0bf0fe4e8a943b5cf2"
      url: "https://pub.dev"
    source: hosted
    version: "1.3.0"
  web:
    dependency: transitive
    description:
      name: web
      sha256: "868d88a33d8a87b18ffc05f9f030ba328ffefba92d6c127917a2ba740f9cfe4a"
      url: "https://pub.dev"
    source: hosted
    version: "1.1.1"
  webview_flutter:
    dependency: transitive
    description:
      name: webview_flutter
      sha256: c3e4fe614b1c814950ad07186007eff2f2e5dd2935eba7b9a9a1af8e5885f1ba
      url: "https://pub.dev"
    source: hosted
    version: "4.13.0"
  webview_flutter_android:
    dependency: transitive
    description:
      name: webview_flutter_android
      sha256: "9a25f6b4313978ba1c2cda03a242eea17848174912cfb4d2d8ee84a556f248e3"
      url: "https://pub.dev"
    source: hosted
    version: "4.10.1"
  webview_flutter_platform_interface:
    dependency: transitive
    description:
      name: webview_flutter_platform_interface
      sha256: "63d26ee3aca7256a83ccb576a50272edd7cfc80573a4305caa98985feb493ee0"
      url: "https://pub.dev"
    source: hosted
    version: "2.14.0"
  webview_flutter_wkwebview:
    dependency: transitive
    description:
      name: webview_flutter_wkwebview
      sha256: fb46db8216131a3e55bcf44040ca808423539bc6732e7ed34fb6d8044e3d512f
      url: "https://pub.dev"
    source: hosted
    version: "3.23.0"
  widgets_to_image:
    dependency: "direct main"
    description:
      name: widgets_to_image
      sha256: "4e5b7e88bf62c06a91762a9a713096f095361e4c8e81fdd3875cf19cdad73d3e"
      url: "https://pub.dev"
    source: hosted
    version: "2.0.1"
  win32:
    dependency: transitive
    description:
      name: win32
      sha256: "329edf97fdd893e0f1e3b9e88d6a0e627128cc17cc316a8d67fda8f1451178ba"
      url: "https://pub.dev"
    source: hosted
    version: "5.13.0"
  xdg_directories:
    dependency: transitive
    description:
      name: xdg_directories
      sha256: "7a3f37b05d989967cdddcbb571f1ea834867ae2faa29725fd085180e0883aa15"
      url: "https://pub.dev"
    source: hosted
    version: "1.1.0"
  xml:
    dependency: transitive
    description:
      name: xml
      sha256: b015a8ad1c488f66851d762d3090a21c600e479dc75e68328c52774040cf9226
      url: "https://pub.dev"
    source: hosted
    version: "6.5.0"
  yaml:
    dependency: transitive
    description:
      name: yaml
      sha256: b9da305ac7c39faa3f030eccd175340f968459dae4af175130b3fc47e40d76ce
      url: "https://pub.dev"
    source: hosted
    version: "3.1.3"
sdks:
  dart: ">=3.7.0 <4.0.0"
  flutter: ">=3.29.0"
